{
    "name": "@thunder04/supermap",
    "version": "1.0.3",
    "lockfileVersion": 2,
    "requires": true,
    "packages": {
        "": {
            "name": "@thunder04/supermap",
            "version": "1.0.3",
            "license": "MIT",
            "devDependencies": {
                "@types/node": "^16.9.3",
                "esbuild": "^0.12.28",
                "typescript": "^4.4.3"
            }
        },
        "node_modules/@types/node": {
            "version": "16.9.6",
            "resolved": "https://registry.npmjs.org/@types/node/-/node-16.9.6.tgz",
            "integrity": "sha512-YHUZhBOMTM3mjFkXVcK+WwAcYmyhe1wL4lfqNtzI0b3qAy7yuSetnM7QJazgE5PFmgVTNGiLOgRFfJMqW7XpSQ==",
            "dev": true
        },
        "node_modules/esbuild": {
            "version": "0.12.29",
            "resolved": "https://registry.npmjs.org/esbuild/-/esbuild-0.12.29.tgz",
            "integrity": "sha512-w/XuoBCSwepyiZtIRsKsetiLDUVGPVw1E/R3VTFSecIy8UR7Cq3SOtwKHJMFoVqqVG36aGkzh4e8BvpO1Fdc7g==",
            "dev": true,
            "hasInstallScript": true,
            "bin": {
                "esbuild": "bin/esbuild"
            }
        },
        "node_modules/typescript": {
            "version": "4.4.3",
            "resolved": "https://registry.npmjs.org/typescript/-/typescript-4.4.3.tgz",
            "integrity": "sha512-4xfscpisVgqqDfPaJo5vkd+Qd/ItkoagnHpufr+i2QCHBsNYp+G7UAoyFl8aPtx879u38wPV65rZ8qbGZijalA==",
            "dev": true,
            "bin": {
                "tsc": "bin/tsc",
                "tsserver": "bin/tsserver"
            },
            "engines": {
                "node": ">=4.2.0"
            }
        }
    },
    "dependencies": {
        "@types/node": {
            "version": "16.9.6",
            "resolved": "https://registry.npmjs.org/@types/node/-/node-16.9.6.tgz",
            "integrity": "sha512-YHUZhBOMTM3mjFkXVcK+WwAcYmyhe1wL4lfqNtzI0b3qAy7yuSetnM7QJazgE5PFmgVTNGiLOgRFfJMqW7XpSQ==",
            "dev": true
        },
        "esbuild": {
            "version": "0.12.29",
            "resolved": "https://registry.npmjs.org/esbuild/-/esbuild-0.12.29.tgz",
            "integrity": "sha512-w/XuoBCSwepyiZtIRsKsetiLDUVGPVw1E/R3VTFSecIy8UR7Cq3SOtwKHJMFoVqqVG36aGkzh4e8BvpO1Fdc7g==",
            "dev": true
        },
        "typescript": {
            "version": "4.4.3",
            "resolved": "https://registry.npmjs.org/typescript/-/typescript-4.4.3.tgz",
            "integrity": "sha512-4xfscpisVgqqDfPaJo5vkd+Qd/ItkoagnHpufr+i2QCHBsNYp+G7UAoyFl8aPtx879u38wPV65rZ8qbGZijalA==",
            "dev": true
        }
    }
}
